
Microsoft Visual Studio Solution File, Format Version 12.00
# Visual Studio Version 17
VisualStudioVersion = 17.8.34309.116
MinimumVisualStudioVersion = 10.0.40219.1
Project("{2150E333-8FDC-42A3-9474-1A3956D46DE8}") = "API", "API", "{DA750F93-45FA-4929-9729-B9B097EC26A6}"
EndProject
Project("{2150E333-8FDC-42A3-9474-1A3956D46DE8}") = "Core", "Core", "{59CDF2A1-8C5C-4545-ACAF-38DBA4781997}"
EndProject
Project("{2150E333-8FDC-42A3-9474-1A3956D46DE8}") = "Infrastructure", "Infrastructure", "{B3F0073F-2924-4D40-9DF8-DA3C06F9FE5C}"
EndProject
Project("{2150E333-8FDC-42A3-9474-1A3956D46DE8}") = "UI", "UI", "{3456EF36-594E-4DFD-8654-AED44DF51598}"
EndProject
Project("{2150E333-8FDC-42A3-9474-1A3956D46DE8}") = "src", "src", "{C55C8812-25F9-4AA8-BEE0-A6CAC6B24B8D}"
EndProject
Project("{2150E333-8FDC-42A3-9474-1A3956D46DE8}") = "test", "test", "{F6E3A462-AA79-4ED9-8FBE-5F517D41B10F}"
EndProject
Project("{9A19103F-16F7-4668-BE54-9A1E7A4F7556}") = "Domain", "Domain\Domain.csproj", "{FDF155C3-5AC7-433C-9150-1D259B65C9BC}"
EndProject
Project("{9A19103F-16F7-4668-BE54-9A1E7A4F7556}") = "Application", "Application\Application.csproj", "{94A26137-2175-48BA-A0D6-67936666B614}"
EndProject
Project("{FAE04EC0-301F-11D3-BF4B-00C04F79EFBC}") = "Infrastructure", "Infrastructure\Infrastructure.csproj", "{68142845-8612-4677-A7A0-331460F397EC}"
EndProject
Project("{FAE04EC0-301F-11D3-BF4B-00C04F79EFBC}") = "Persistence", "Persistence\Persistence.csproj", "{E9BC4F8C-807A-438C-AE21-11CADD9DA655}"
EndProject
Project("{FAE04EC0-301F-11D3-BF4B-00C04F79EFBC}") = "API", "API\API.csproj", "{47BDC7F5-303D-400E-9C8C-419B88E1AAC6}"
EndProject
Global
	GlobalSection(SolutionConfigurationPlatforms) = preSolution
		Debug|Any CPU = Debug|Any CPU
		Release|Any CPU = Release|Any CPU
	EndGlobalSection
	GlobalSection(ProjectConfigurationPlatforms) = postSolution
		{FDF155C3-5AC7-433C-9150-1D259B65C9BC}.Debug|Any CPU.ActiveCfg = Debug|Any CPU
		{FDF155C3-5AC7-433C-9150-1D259B65C9BC}.Debug|Any CPU.Build.0 = Debug|Any CPU
		{FDF155C3-5AC7-433C-9150-1D259B65C9BC}.Release|Any CPU.ActiveCfg = Release|Any CPU
		{FDF155C3-5AC7-433C-9150-1D259B65C9BC}.Release|Any CPU.Build.0 = Release|Any CPU
		{94A26137-2175-48BA-A0D6-67936666B614}.Debug|Any CPU.ActiveCfg = Debug|Any CPU
		{94A26137-2175-48BA-A0D6-67936666B614}.Debug|Any CPU.Build.0 = Debug|Any CPU
		{94A26137-2175-48BA-A0D6-67936666B614}.Release|Any CPU.ActiveCfg = Release|Any CPU
		{94A26137-2175-48BA-A0D6-67936666B614}.Release|Any CPU.Build.0 = Release|Any CPU
		{68142845-8612-4677-A7A0-331460F397EC}.Debug|Any CPU.ActiveCfg = Debug|Any CPU
		{68142845-8612-4677-A7A0-331460F397EC}.Debug|Any CPU.Build.0 = Debug|Any CPU
		{68142845-8612-4677-A7A0-331460F397EC}.Release|Any CPU.ActiveCfg = Release|Any CPU
		{68142845-8612-4677-A7A0-331460F397EC}.Release|Any CPU.Build.0 = Release|Any CPU
		{E9BC4F8C-807A-438C-AE21-11CADD9DA655}.Debug|Any CPU.ActiveCfg = Debug|Any CPU
		{E9BC4F8C-807A-438C-AE21-11CADD9DA655}.Debug|Any CPU.Build.0 = Debug|Any CPU
		{E9BC4F8C-807A-438C-AE21-11CADD9DA655}.Release|Any CPU.ActiveCfg = Release|Any CPU
		{E9BC4F8C-807A-438C-AE21-11CADD9DA655}.Release|Any CPU.Build.0 = Release|Any CPU
		{47BDC7F5-303D-400E-9C8C-419B88E1AAC6}.Debug|Any CPU.ActiveCfg = Debug|Any CPU
		{47BDC7F5-303D-400E-9C8C-419B88E1AAC6}.Debug|Any CPU.Build.0 = Debug|Any CPU
		{47BDC7F5-303D-400E-9C8C-419B88E1AAC6}.Release|Any CPU.ActiveCfg = Release|Any CPU
		{47BDC7F5-303D-400E-9C8C-419B88E1AAC6}.Release|Any CPU.Build.0 = Release|Any CPU
	EndGlobalSection
	GlobalSection(SolutionProperties) = preSolution
		HideSolutionNode = FALSE
	EndGlobalSection
	GlobalSection(NestedProjects) = preSolution
		{DA750F93-45FA-4929-9729-B9B097EC26A6} = {C55C8812-25F9-4AA8-BEE0-A6CAC6B24B8D}
		{59CDF2A1-8C5C-4545-ACAF-38DBA4781997} = {C55C8812-25F9-4AA8-BEE0-A6CAC6B24B8D}
		{B3F0073F-2924-4D40-9DF8-DA3C06F9FE5C} = {C55C8812-25F9-4AA8-BEE0-A6CAC6B24B8D}
		{3456EF36-594E-4DFD-8654-AED44DF51598} = {C55C8812-25F9-4AA8-BEE0-A6CAC6B24B8D}
		{FDF155C3-5AC7-433C-9150-1D259B65C9BC} = {59CDF2A1-8C5C-4545-ACAF-38DBA4781997}
		{94A26137-2175-48BA-A0D6-67936666B614} = {59CDF2A1-8C5C-4545-ACAF-38DBA4781997}
		{68142845-8612-4677-A7A0-331460F397EC} = {B3F0073F-2924-4D40-9DF8-DA3C06F9FE5C}
		{E9BC4F8C-807A-438C-AE21-11CADD9DA655} = {B3F0073F-2924-4D40-9DF8-DA3C06F9FE5C}
		{47BDC7F5-303D-400E-9C8C-419B88E1AAC6} = {DA750F93-45FA-4929-9729-B9B097EC26A6}
	EndGlobalSection
	GlobalSection(ExtensibilityGlobals) = postSolution
		SolutionGuid = {C73C0FD1-68C9-4EC1-B745-7C937F5A12DC}
	EndGlobalSection
EndGlobal
